// !$*UTF8*$!
{
	archiveVersion = 1;
	classes = {
	};
	objectVersion = 50;
	objects = {

/* Begin PBXBuildFile section */
		08EF08F9C970B6BF6685BB9A /* Pods_ByteMeTests.framework in Frameworks */ = {isa = PBXBuildFile; fileRef = 25141B4182A84CACFA3DF822 /* Pods_ByteMeTests.framework */; };
		3693CA4122A7544200B6E74A /* AppDelegate.swift in Sources */ = {isa = PBXBuildFile; fileRef = 3693CA4022A7544200B6E74A /* AppDelegate.swift */; };
		3693CA4322A7544200B6E74A /* assets.scnassets in Resources */ = {isa = PBXBuildFile; fileRef = 3693CA4222A7544200B6E74A /* assets.scnassets */; };
		3693CA4522A7544200B6E74A /* GameViewController.swift in Sources */ = {isa = PBXBuildFile; fileRef = 3693CA4422A7544200B6E74A /* GameViewController.swift */; };
		3693CA4822A7544200B6E74A /* Main.storyboard in Resources */ = {isa = PBXBuildFile; fileRef = 3693CA4622A7544200B6E74A /* Main.storyboard */; };
		3693CA4A22A7544300B6E74A /* Assets.xcassets in Resources */ = {isa = PBXBuildFile; fileRef = 3693CA4922A7544300B6E74A /* Assets.xcassets */; };
		3693CA4D22A7544300B6E74A /* LaunchScreen.storyboard in Resources */ = {isa = PBXBuildFile; fileRef = 3693CA4B22A7544300B6E74A /* LaunchScreen.storyboard */; };
		3693CA5822A7544400B6E74A /* ByteMeTests.swift in Sources */ = {isa = PBXBuildFile; fileRef = 3693CA5722A7544400B6E74A /* ByteMeTests.swift */; };
		3693CB1122A7587200B6E74A /* Asset.swift in Sources */ = {isa = PBXBuildFile; fileRef = 3693CABA22A7587200B6E74A /* Asset.swift */; };
		3693CB1522A75E4500B6E74A /* HelperExtensions.swift in Sources */ = {isa = PBXBuildFile; fileRef = 3693CB1422A75E4500B6E74A /* HelperExtensions.swift */; };
		3693CB3922A76E4100B6E74A /* EventGroup.swift in Sources */ = {isa = PBXBuildFile; fileRef = 3693CB3822A76E4100B6E74A /* EventGroup.swift */; };
		3693CB3B22A76EEA00B6E74A /* WorldConfiguration.swift in Sources */ = {isa = PBXBuildFile; fileRef = 3693CB3A22A76EEA00B6E74A /* WorldConfiguration.swift */; };
		36A9640E22AA0EC20059617E /* SCNCyclops.swift in Sources */ = {isa = PBXBuildFile; fileRef = 36A9640D22AA0EC20059617E /* SCNCyclops.swift */; };
		7A728990F82B7A9FA3925005 /* Pods_ByteMe.framework in Frameworks */ = {isa = PBXBuildFile; fileRef = 76D0EC81A6A16C4D1645EF0A /* Pods_ByteMe.framework */; };
/* End PBXBuildFile section */

/* Begin PBXContainerItemProxy section */
		3693CA5422A7544400B6E74A /* PBXContainerItemProxy */ = {
			isa = PBXContainerItemProxy;
			containerPortal = 3693CA3522A7544200B6E74A /* Project object */;
			proxyType = 1;
			remoteGlobalIDString = 3693CA3C22A7544200B6E74A;
			remoteInfo = ByteMe;
		};
/* End PBXContainerItemProxy section */

/* Begin PBXFileReference section */
		25141B4182A84CACFA3DF822 /* Pods_ByteMeTests.framework */ = {isa = PBXFileReference; explicitFileType = wrapper.framework; includeInIndex = 0; path = Pods_ByteMeTests.framework; sourceTree = BUILT_PRODUCTS_DIR; };
		3693CA3D22A7544200B6E74A /* ByteMe.app */ = {isa = PBXFileReference; explicitFileType = wrapper.application; includeInIndex = 0; path = ByteMe.app; sourceTree = BUILT_PRODUCTS_DIR; };
		3693CA4022A7544200B6E74A /* AppDelegate.swift */ = {isa = PBXFileReference; lastKnownFileType = sourcecode.swift; path = AppDelegate.swift; sourceTree = "<group>"; };
		3693CA4222A7544200B6E74A /* assets.scnassets */ = {isa = PBXFileReference; lastKnownFileType = wrapper.scnassets; path = assets.scnassets; sourceTree = "<group>"; };
		3693CA4422A7544200B6E74A /* GameViewController.swift */ = {isa = PBXFileReference; lastKnownFileType = sourcecode.swift; path = GameViewController.swift; sourceTree = "<group>"; };
		3693CA4722A7544200B6E74A /* Base */ = {isa = PBXFileReference; lastKnownFileType = file.storyboard; name = Base; path = Base.lproj/Main.storyboard; sourceTree = "<group>"; };
		3693CA4922A7544300B6E74A /* Assets.xcassets */ = {isa = PBXFileReference; lastKnownFileType = folder.assetcatalog; path = Assets.xcassets; sourceTree = "<group>"; };
		3693CA4C22A7544300B6E74A /* Base */ = {isa = PBXFileReference; lastKnownFileType = file.storyboard; name = Base; path = Base.lproj/LaunchScreen.storyboard; sourceTree = "<group>"; };
		3693CA4E22A7544300B6E74A /* Info.plist */ = {isa = PBXFileReference; lastKnownFileType = text.plist.xml; path = Info.plist; sourceTree = "<group>"; };
		3693CA5322A7544400B6E74A /* ByteMeTests.xctest */ = {isa = PBXFileReference; explicitFileType = wrapper.cfbundle; includeInIndex = 0; path = ByteMeTests.xctest; sourceTree = BUILT_PRODUCTS_DIR; };
		3693CA5722A7544400B6E74A /* ByteMeTests.swift */ = {isa = PBXFileReference; lastKnownFileType = sourcecode.swift; path = ByteMeTests.swift; sourceTree = "<group>"; };
		3693CA5922A7544400B6E74A /* Info.plist */ = {isa = PBXFileReference; lastKnownFileType = text.plist.xml; path = Info.plist; sourceTree = "<group>"; };
		3693CABA22A7587200B6E74A /* Asset.swift */ = {isa = PBXFileReference; fileEncoding = 4; lastKnownFileType = sourcecode.swift; path = Asset.swift; sourceTree = "<group>"; };
		3693CB1422A75E4500B6E74A /* HelperExtensions.swift */ = {isa = PBXFileReference; fileEncoding = 4; lastKnownFileType = sourcecode.swift; path = HelperExtensions.swift; sourceTree = "<group>"; };
		3693CB3822A76E4100B6E74A /* EventGroup.swift */ = {isa = PBXFileReference; fileEncoding = 4; lastKnownFileType = sourcecode.swift; path = EventGroup.swift; sourceTree = "<group>"; };
		3693CB3A22A76EEA00B6E74A /* WorldConfiguration.swift */ = {isa = PBXFileReference; fileEncoding = 4; lastKnownFileType = sourcecode.swift; path = WorldConfiguration.swift; sourceTree = "<group>"; };
		36A9640D22AA0EC20059617E /* SCNCyclops.swift */ = {isa = PBXFileReference; lastKnownFileType = sourcecode.swift; path = SCNCyclops.swift; sourceTree = "<group>"; };
		52E2C7DA69D733A45CF2C5E6 /* Pods-ByteMe.debug.xcconfig */ = {isa = PBXFileReference; includeInIndex = 1; lastKnownFileType = text.xcconfig; name = "Pods-ByteMe.debug.xcconfig"; path = "Pods/Target Support Files/Pods-ByteMe/Pods-ByteMe.debug.xcconfig"; sourceTree = "<group>"; };
		671C3D32E99F0EA5A2B92DB2 /* Pods-ByteMeTests.debug.xcconfig */ = {isa = PBXFileReference; includeInIndex = 1; lastKnownFileType = text.xcconfig; name = "Pods-ByteMeTests.debug.xcconfig"; path = "Pods/Target Support Files/Pods-ByteMeTests/Pods-ByteMeTests.debug.xcconfig"; sourceTree = "<group>"; };
		76D0EC81A6A16C4D1645EF0A /* Pods_ByteMe.framework */ = {isa = PBXFileReference; explicitFileType = wrapper.framework; includeInIndex = 0; path = Pods_ByteMe.framework; sourceTree = BUILT_PRODUCTS_DIR; };
		806CB06BA4E0043203BF7EF4 /* Pods-ByteMe.release.xcconfig */ = {isa = PBXFileReference; includeInIndex = 1; lastKnownFileType = text.xcconfig; name = "Pods-ByteMe.release.xcconfig"; path = "Pods/Target Support Files/Pods-ByteMe/Pods-ByteMe.release.xcconfig"; sourceTree = "<group>"; };
		AC22F2BE652F50FB86494649 /* Pods-ByteMeTests.release.xcconfig */ = {isa = PBXFileReference; includeInIndex = 1; lastKnownFileType = text.xcconfig; name = "Pods-ByteMeTests.release.xcconfig"; path = "Pods/Target Support Files/Pods-ByteMeTests/Pods-ByteMeTests.release.xcconfig"; sourceTree = "<group>"; };
/* End PBXFileReference section */

/* Begin PBXFrameworksBuildPhase section */
		3693CA3A22A7544200B6E74A /* Frameworks */ = {
			isa = PBXFrameworksBuildPhase;
			buildActionMask = 2147483647;
			files = (
				7A728990F82B7A9FA3925005 /* Pods_ByteMe.framework in Frameworks */,
			);
			runOnlyForDeploymentPostprocessing = 0;
		};
		3693CA5022A7544400B6E74A /* Frameworks */ = {
			isa = PBXFrameworksBuildPhase;
			buildActionMask = 2147483647;
			files = (
				08EF08F9C970B6BF6685BB9A /* Pods_ByteMeTests.framework in Frameworks */,
			);
			runOnlyForDeploymentPostprocessing = 0;
		};
/* End PBXFrameworksBuildPhase section */

/* Begin PBXGroup section */
		3693CA3422A7544200B6E74A = {
			isa = PBXGroup;
			children = (
				3693CA3F22A7544200B6E74A /* ByteMe */,
				3693CA5622A7544400B6E74A /* ByteMeTests */,
				3693CA3E22A7544200B6E74A /* Products */,
				EB3DDB3E28C2462481B14571 /* Pods */,
				47A43632D0153973AE9E880F /* Frameworks */,
			);
			sourceTree = "<group>";
		};
		3693CA3E22A7544200B6E74A /* Products */ = {
			isa = PBXGroup;
			children = (
				3693CA3D22A7544200B6E74A /* ByteMe.app */,
				3693CA5322A7544400B6E74A /* ByteMeTests.xctest */,
			);
			name = Products;
			sourceTree = "<group>";
		};
		3693CA3F22A7544200B6E74A /* ByteMe */ = {
			isa = PBXGroup;
			children = (
				36A9640C22AA0EB20059617E /* Models */,
				3693CA6522A7585100B6E74A /* BookSource */,
				3693CA4022A7544200B6E74A /* AppDelegate.swift */,
				3693CA4222A7544200B6E74A /* assets.scnassets */,
				3693CA4422A7544200B6E74A /* GameViewController.swift */,
				3693CA4622A7544200B6E74A /* Main.storyboard */,
				3693CA4922A7544300B6E74A /* Assets.xcassets */,
				3693CA4B22A7544300B6E74A /* LaunchScreen.storyboard */,
				3693CA4E22A7544300B6E74A /* Info.plist */,
			);
			path = ByteMe;
			sourceTree = "<group>";
		};
		3693CA5622A7544400B6E74A /* ByteMeTests */ = {
			isa = PBXGroup;
			children = (
				3693CA5722A7544400B6E74A /* ByteMeTests.swift */,
				3693CA5922A7544400B6E74A /* Info.plist */,
			);
			path = ByteMeTests;
			sourceTree = "<group>";
		};
		3693CA6522A7585100B6E74A /* BookSource */ = {
			isa = PBXGroup;
			children = (
				3693CB3A22A76EEA00B6E74A /* WorldConfiguration.swift */,
				3693CB3822A76E4100B6E74A /* EventGroup.swift */,
				3693CB1422A75E4500B6E74A /* HelperExtensions.swift */,
				3693CABA22A7587200B6E74A /* Asset.swift */,
			);
			path = BookSource;
			sourceTree = "<group>";
		};
		36A9640C22AA0EB20059617E /* Models */ = {
			isa = PBXGroup;
			children = (
				36A9640D22AA0EC20059617E /* SCNCyclops.swift */,
			);
			path = Models;
			sourceTree = "<group>";
		};
		47A43632D0153973AE9E880F /* Frameworks */ = {
			isa = PBXGroup;
			children = (
				76D0EC81A6A16C4D1645EF0A /* Pods_ByteMe.framework */,
				25141B4182A84CACFA3DF822 /* Pods_ByteMeTests.framework */,
			);
			name = Frameworks;
			sourceTree = "<group>";
		};
		EB3DDB3E28C2462481B14571 /* Pods */ = {
			isa = PBXGroup;
			children = (
				52E2C7DA69D733A45CF2C5E6 /* Pods-ByteMe.debug.xcconfig */,
				806CB06BA4E0043203BF7EF4 /* Pods-ByteMe.release.xcconfig */,
				671C3D32E99F0EA5A2B92DB2 /* Pods-ByteMeTests.debug.xcconfig */,
				AC22F2BE652F50FB86494649 /* Pods-ByteMeTests.release.xcconfig */,
			);
			name = Pods;
			sourceTree = "<group>";
		};
/* End PBXGroup section */

/* Begin PBXNativeTarget section */
		3693CA3C22A7544200B6E74A /* ByteMe */ = {
			isa = PBXNativeTarget;
			buildConfigurationList = 3693CA5C22A7544400B6E74A /* Build configuration list for PBXNativeTarget "ByteMe" */;
			buildPhases = (
				EB74BCF150057255FD5E04EA /* [CP] Check Pods Manifest.lock */,
				3693CA3922A7544200B6E74A /* Sources */,
				3693CA3A22A7544200B6E74A /* Frameworks */,
				3693CA3B22A7544200B6E74A /* Resources */,
				88953170E06BA4E2CA0F811E /* [CP] Embed Pods Frameworks */,
			);
			buildRules = (
			);
			dependencies = (
			);
			name = ByteMe;
			productName = ByteMe;
			productReference = 3693CA3D22A7544200B6E74A /* ByteMe.app */;
			productType = "com.apple.product-type.application";
		};
		3693CA5222A7544400B6E74A /* ByteMeTests */ = {
			isa = PBXNativeTarget;
			buildConfigurationList = 3693CA5F22A7544400B6E74A /* Build configuration list for PBXNativeTarget "ByteMeTests" */;
			buildPhases = (
				4EC694AEE39B5ECD2B3F64E2 /* [CP] Check Pods Manifest.lock */,
				3693CA4F22A7544400B6E74A /* Sources */,
				3693CA5022A7544400B6E74A /* Frameworks */,
				3693CA5122A7544400B6E74A /* Resources */,
			);
			buildRules = (
			);
			dependencies = (
				3693CA5522A7544400B6E74A /* PBXTargetDependency */,
			);
			name = ByteMeTests;
			productName = ByteMeTests;
			productReference = 3693CA5322A7544400B6E74A /* ByteMeTests.xctest */;
			productType = "com.apple.product-type.bundle.unit-test";
		};
/* End PBXNativeTarget section */

/* Begin PBXProject section */
		3693CA3522A7544200B6E74A /* Project object */ = {
			isa = PBXProject;
			attributes = {
				LastSwiftUpdateCheck = 1020;
				LastUpgradeCheck = 1020;
				ORGANIZATIONNAME = iColasoft;
				TargetAttributes = {
					3693CA3C22A7544200B6E74A = {
						CreatedOnToolsVersion = 10.2.1;
					};
					3693CA5222A7544400B6E74A = {
						CreatedOnToolsVersion = 10.2.1;
						TestTargetID = 3693CA3C22A7544200B6E74A;
					};
				};
			};
			buildConfigurationList = 3693CA3822A7544200B6E74A /* Build configuration list for PBXProject "ByteMe" */;
			compatibilityVersion = "Xcode 9.3";
			developmentRegion = en;
			hasScannedForEncodings = 0;
			knownRegions = (
				en,
				Base,
			);
			mainGroup = 3693CA3422A7544200B6E74A;
			productRefGroup = 3693CA3E22A7544200B6E74A /* Products */;
			projectDirPath = "";
			projectRoot = "";
			targets = (
				3693CA3C22A7544200B6E74A /* ByteMe */,
				3693CA5222A7544400B6E74A /* ByteMeTests */,
			);
		};
/* End PBXProject section */

/* Begin PBXResourcesBuildPhase section */
		3693CA3B22A7544200B6E74A /* Resources */ = {
			isa = PBXResourcesBuildPhase;
			buildActionMask = 2147483647;
			files = (
				3693CA4322A7544200B6E74A /* assets.scnassets in Resources */,
				3693CA4D22A7544300B6E74A /* LaunchScreen.storyboard in Resources */,
				3693CA4A22A7544300B6E74A /* Assets.xcassets in Resources */,
				3693CA4822A7544200B6E74A /* Main.storyboard in Resources */,
			);
			runOnlyForDeploymentPostprocessing = 0;
		};
		3693CA5122A7544400B6E74A /* Resources */ = {
			isa = PBXResourcesBuildPhase;
			buildActionMask = 2147483647;
			files = (
			);
			runOnlyForDeploymentPostprocessing = 0;
		};
/* End PBXResourcesBuildPhase section */

/* Begin PBXShellScriptBuildPhase section */
		4EC694AEE39B5ECD2B3F64E2 /* [CP] Check Pods Manifest.lock */ = {
			isa = PBXShellScriptBuildPhase;
			buildActionMask = 2147483647;
			files = (
			);
			inputFileListPaths = (
			);
			inputPaths = (
				"${PODS_PODFILE_DIR_PATH}/Podfile.lock",
				"${PODS_ROOT}/Manifest.lock",
			);
			name = "[CP] Check Pods Manifest.lock";
			outputFileListPaths = (
			);
			outputPaths = (
				"$(DERIVED_FILE_DIR)/Pods-ByteMeTests-checkManifestLockResult.txt",
			);
			runOnlyForDeploymentPostprocessing = 0;
			shellPath = /bin/sh;
			shellScript = "diff \"${PODS_PODFILE_DIR_PATH}/Podfile.lock\" \"${PODS_ROOT}/Manifest.lock\" > /dev/null\nif [ $? != 0 ] ; then\n    # print error to STDERR\n    echo \"error: The sandbox is not in sync with the Podfile.lock. Run 'pod install' or update your CocoaPods installation.\" >&2\n    exit 1\nfi\n# This output is used by Xcode 'outputs' to avoid re-running this script phase.\necho \"SUCCESS\" > \"${SCRIPT_OUTPUT_FILE_0}\"\n";
			showEnvVarsInLog = 0;
		};
		88953170E06BA4E2CA0F811E /* [CP] Embed Pods Frameworks */ = {
			isa = PBXShellScriptBuildPhase;
			buildActionMask = 2147483647;
			files = (
			);
			inputFileListPaths = (
			);
			inputPaths = (
				"${SRCROOT}/Pods/Target Support Files/Pods-ByteMe/Pods-ByteMe-frameworks.sh",
				"${BUILT_PRODUCTS_DIR}/ARCL/ARCL.framework",
			);
			name = "[CP] Embed Pods Frameworks";
			outputFileListPaths = (
			);
			outputPaths = (
				"${TARGET_BUILD_DIR}/${FRAMEWORKS_FOLDER_PATH}/ARCL.framework",
			);
			runOnlyForDeploymentPostprocessing = 0;
			shellPath = /bin/sh;
			shellScript = "\"${SRCROOT}/Pods/Target Support Files/Pods-ByteMe/Pods-ByteMe-frameworks.sh\"\n";
			showEnvVarsInLog = 0;
		};
		EB74BCF150057255FD5E04EA /* [CP] Check Pods Manifest.lock */ = {
			isa = PBXShellScriptBuildPhase;
			buildActionMask = 2147483647;
			files = (
			);
			inputFileListPaths = (
			);
			inputPaths = (
				"${PODS_PODFILE_DIR_PATH}/Podfile.lock",
				"${PODS_ROOT}/Manifest.lock",
			);
			name = "[CP] Check Pods Manifest.lock";
			outputFileListPaths = (
			);
			outputPaths = (
				"$(DERIVED_FILE_DIR)/Pods-ByteMe-checkManifestLockResult.txt",
			);
			runOnlyForDeploymentPostprocessing = 0;
			shellPath = /bin/sh;
			shellScript = "diff \"${PODS_PODFILE_DIR_PATH}/Podfile.lock\" \"${PODS_ROOT}/Manifest.lock\" > /dev/null\nif [ $? != 0 ] ; then\n    # print error to STDERR\n    echo \"error: The sandbox is not in sync with the Podfile.lock. Run 'pod install' or update your CocoaPods installation.\" >&2\n    exit 1\nfi\n# This output is used by Xcode 'outputs' to avoid re-running this script phase.\necho \"SUCCESS\" > \"${SCRIPT_OUTPUT_FILE_0}\"\n";
			showEnvVarsInLog = 0;
		};
/* End PBXShellScriptBuildPhase section */

/* Begin PBXSourcesBuildPhase section */
		3693CA3922A7544200B6E74A /* Sources */ = {
			isa = PBXSourcesBuildPhase;
			buildActionMask = 2147483647;
			files = (
				3693CA4522A7544200B6E74A /* GameViewController.swift in Sources */,
				36A9640E22AA0EC20059617E /* SCNCyclops.swift in Sources */,
				3693CB1522A75E4500B6E74A /* HelperExtensions.swift in Sources */,
				3693CB1122A7587200B6E74A /* Asset.swift in Sources */,
				3693CB3922A76E4100B6E74A /* EventGroup.swift in Sources */,
				3693CA4122A7544200B6E74A /* AppDelegate.swift in Sources */,
				3693CB3B22A76EEA00B6E74A /* WorldConfiguration.swift in Sources */,
			);
			runOnlyForDeploymentPostprocessing = 0;
		};
		3693CA4F22A7544400B6E74A /* Sources */ = {
			isa = PBXSourcesBuildPhase;
			buildActionMask = 2147483647;
			files = (
				3693CA5822A7544400B6E74A /* ByteMeTests.swift in Sources */,
			);
			runOnlyForDeploymentPostprocessing = 0;
		};
/* End PBXSourcesBuildPhase section */

/* Begin PBXTargetDependency section */
		3693CA5522A7544400B6E74A /* PBXTargetDependency */ = {
			isa = PBXTargetDependency;
			target = 3693CA3C22A7544200B6E74A /* ByteMe */;
			targetProxy = 3693CA5422A7544400B6E74A /* PBXContainerItemProxy */;
		};
/* End PBXTargetDependency section */

/* Begin PBXVariantGroup section */
		3693CA4622A7544200B6E74A /* Main.storyboard */ = {
			isa = PBXVariantGroup;
			children = (
				3693CA4722A7544200B6E74A /* Base */,
			);
			name = Main.storyboard;
			sourceTree = "<group>";
		};
		3693CA4B22A7544300B6E74A /* LaunchScreen.storyboard */ = {
			isa = PBXVariantGroup;
			children = (
				3693CA4C22A7544300B6E74A /* Base */,
			);
			name = LaunchScreen.storyboard;
			sourceTree = "<group>";
		};
/* End PBXVariantGroup section */

/* Begin XCBuildConfiguration section */
		3693CA5A22A7544400B6E74A /* Debug */ = {
			isa = XCBuildConfiguration;
			buildSettings = {
				ALWAYS_SEARCH_USER_PATHS = NO;
				CLANG_ANALYZER_NONNULL = YES;
				CLANG_ANALYZER_NUMBER_OBJECT_CONVERSION = YES_AGGRESSIVE;
				CLANG_CXX_LANGUAGE_STANDARD = "gnu++14";
				CLANG_CXX_LIBRARY = "libc++";
				CLANG_ENABLE_MODULES = YES;
				CLANG_ENABLE_OBJC_ARC = YES;
				CLANG_ENABLE_OBJC_WEAK = YES;
				CLANG_WARN_BLOCK_CAPTURE_AUTORELEASING = YES;
				CLANG_WARN_BOOL_CONVERSION = YES;
				CLANG_WARN_COMMA = YES;
				CLANG_WARN_CONSTANT_CONVERSION = YES;
				CLANG_WARN_DEPRECATED_OBJC_IMPLEMENTATIONS = YES;
				CLANG_WARN_DIRECT_OBJC_ISA_USAGE = YES_ERROR;
				CLANG_WARN_DOCUMENTATION_COMMENTS = YES;
				CLANG_WARN_EMPTY_BODY = YES;
				CLANG_WARN_ENUM_CONVERSION = YES;
				CLANG_WARN_INFINITE_RECURSION = YES;
				CLANG_WARN_INT_CONVERSION = YES;
				CLANG_WARN_NON_LITERAL_NULL_CONVERSION = YES;
				CLANG_WARN_OBJC_IMPLICIT_RETAIN_SELF = YES;
				CLANG_WARN_OBJC_LITERAL_CONVERSION = YES;
				CLANG_WARN_OBJC_ROOT_CLASS = YES_ERROR;
				CLANG_WARN_RANGE_LOOP_ANALYSIS = YES;
				CLANG_WARN_STRICT_PROTOTYPES = YES;
				CLANG_WARN_SUSPICIOUS_MOVE = YES;
				CLANG_WARN_UNGUARDED_AVAILABILITY = YES_AGGRESSIVE;
				CLANG_WARN_UNREACHABLE_CODE = YES;
				CLANG_WARN__DUPLICATE_METHOD_MATCH = YES;
				CODE_SIGN_IDENTITY = "iPhone Developer";
				COPY_PHASE_STRIP = NO;
				DEBUG_INFORMATION_FORMAT = dwarf;
				ENABLE_STRICT_OBJC_MSGSEND = YES;
				ENABLE_TESTABILITY = YES;
				GCC_C_LANGUAGE_STANDARD = gnu11;
				GCC_DYNAMIC_NO_PIC = NO;
				GCC_NO_COMMON_BLOCKS = YES;
				GCC_OPTIMIZATION_LEVEL = 0;
				GCC_PREPROCESSOR_DEFINITIONS = (
					"DEBUG=1",
					"$(inherited)",
				);
				GCC_WARN_64_TO_32_BIT_CONVERSION = YES;
				GCC_WARN_ABOUT_RETURN_TYPE = YES_ERROR;
				GCC_WARN_UNDECLARED_SELECTOR = YES;
				GCC_WARN_UNINITIALIZED_AUTOS = YES_AGGRESSIVE;
				GCC_WARN_UNUSED_FUNCTION = YES;
				GCC_WARN_UNUSED_VARIABLE = YES;
				IPHONEOS_DEPLOYMENT_TARGET = 12.2;
				MTL_ENABLE_DEBUG_INFO = INCLUDE_SOURCE;
				MTL_FAST_MATH = YES;
				ONLY_ACTIVE_ARCH = YES;
				SDKROOT = iphoneos;
				SWIFT_ACTIVE_COMPILATION_CONDITIONS = DEBUG;
				SWIFT_OPTIMIZATION_LEVEL = "-Onone";
			};
			name = Debug;
		};
		3693CA5B22A7544400B6E74A /* Release */ = {
			isa = XCBuildConfiguration;
			buildSettings = {
				ALWAYS_SEARCH_USER_PATHS = NO;
				CLANG_ANALYZER_NONNULL = YES;
				CLANG_ANALYZER_NUMBER_OBJECT_CONVERSION = YES_AGGRESSIVE;
				CLANG_CXX_LANGUAGE_STANDARD = "gnu++14";
				CLANG_CXX_LIBRARY = "libc++";
				CLANG_ENABLE_MODULES = YES;
				CLANG_ENABLE_OBJC_ARC = YES;
				CLANG_ENABLE_OBJC_WEAK = YES;
				CLANG_WARN_BLOCK_CAPTURE_AUTORELEASING = YES;
				CLANG_WARN_BOOL_CONVERSION = YES;
				CLANG_WARN_COMMA = YES;
				CLANG_WARN_CONSTANT_CONVERSION = YES;
				CLANG_WARN_DEPRECATED_OBJC_IMPLEMENTATIONS = YES;
				CLANG_WARN_DIRECT_OBJC_ISA_USAGE = YES_ERROR;
				CLANG_WARN_DOCUMENTATION_COMMENTS = YES;
				CLANG_WARN_EMPTY_BODY = YES;
				CLANG_WARN_ENUM_CONVERSION = YES;
				CLANG_WARN_INFINITE_RECURSION = YES;
				CLANG_WARN_INT_CONVERSION = YES;
				CLANG_WARN_NON_LITERAL_NULL_CONVERSION = YES;
				CLANG_WARN_OBJC_IMPLICIT_RETAIN_SELF = YES;
				CLANG_WARN_OBJC_LITERAL_CONVERSION = YES;
				CLANG_WARN_OBJC_ROOT_CLASS = YES_ERROR;
				CLANG_WARN_RANGE_LOOP_ANALYSIS = YES;
				CLANG_WARN_STRICT_PROTOTYPES = YES;
				CLANG_WARN_SUSPICIOUS_MOVE = YES;
				CLANG_WARN_UNGUARDED_AVAILABILITY = YES_AGGRESSIVE;
				CLANG_WARN_UNREACHABLE_CODE = YES;
				CLANG_WARN__DUPLICATE_METHOD_MATCH = YES;
				CODE_SIGN_IDENTITY = "iPhone Developer";
				COPY_PHASE_STRIP = NO;
				DEBUG_INFORMATION_FORMAT = "dwarf-with-dsym";
				ENABLE_NS_ASSERTIONS = NO;
				ENABLE_STRICT_OBJC_MSGSEND = YES;
				GCC_C_LANGUAGE_STANDARD = gnu11;
				GCC_NO_COMMON_BLOCKS = YES;
				GCC_WARN_64_TO_32_BIT_CONVERSION = YES;
				GCC_WARN_ABOUT_RETURN_TYPE = YES_ERROR;
				GCC_WARN_UNDECLARED_SELECTOR = YES;
				GCC_WARN_UNINITIALIZED_AUTOS = YES_AGGRESSIVE;
				GCC_WARN_UNUSED_FUNCTION = YES;
				GCC_WARN_UNUSED_VARIABLE = YES;
				IPHONEOS_DEPLOYMENT_TARGET = 12.2;
				MTL_ENABLE_DEBUG_INFO = NO;
				MTL_FAST_MATH = YES;
				SDKROOT = iphoneos;
				SWIFT_COMPILATION_MODE = wholemodule;
				SWIFT_OPTIMIZATION_LEVEL = "-O";
				VALIDATE_PRODUCT = YES;
			};
			name = Release;
		};
		3693CA5D22A7544400B6E74A /* Debug */ = {
			isa = XCBuildConfiguration;
			baseConfigurationReference = 52E2C7DA69D733A45CF2C5E6 /* Pods-ByteMe.debug.xcconfig */;
			buildSettings = {
				ASSETCATALOG_COMPILER_APPICON_NAME = AppIcon;
				CODE_SIGN_STYLE = Automatic;
				DEVELOPMENT_TEAM = 268S5GJFWZ;
				INFOPLIST_FILE = ByteMe/Info.plist;
				LD_RUNPATH_SEARCH_PATHS = (
					"$(inherited)",
					"@executable_path/Frameworks",
				);
				PRODUCT_BUNDLE_IDENTIFIER = com.intere.ByteMe;
				PRODUCT_NAME = "$(TARGET_NAME)";
				SWIFT_VERSION = 5.0;
				TARGETED_DEVICE_FAMILY = "1,2";
			};
			name = Debug;
		};
		3693CA5E22A7544400B6E74A /* Release */ = {
			isa = XCBuildConfiguration;
			baseConfigurationReference = 806CB06BA4E0043203BF7EF4 /* Pods-ByteMe.release.xcconfig */;
			buildSettings = {
				ASSETCATALOG_COMPILER_APPICON_NAME = AppIcon;
				CODE_SIGN_STYLE = Automatic;
				DEVELOPMENT_TEAM = 268S5GJFWZ;
				INFOPLIST_FILE = ByteMe/Info.plist;
				LD_RUNPATH_SEARCH_PATHS = (
					"$(inherited)",
					"@executable_path/Frameworks",
				);
				PRODUCT_BUNDLE_IDENTIFIER = com.intere.ByteMe;
				PRODUCT_NAME = "$(TARGET_NAME)";
				SWIFT_VERSION = 5.0;
				TARGETED_DEVICE_FAMILY = "1,2";
			};
			name = Release;
		};
		3693CA6022A7544400B6E74A /* Debug */ = {
			isa = XCBuildConfiguration;
			baseConfigurationReference = 671C3D32E99F0EA5A2B92DB2 /* Pods-ByteMeTests.debug.xcconfig */;
			buildSettings = {
				ALWAYS_EMBED_SWIFT_STANDARD_LIBRARIES = YES;
				BUNDLE_LOADER = "$(TEST_HOST)";
				CODE_SIGN_STYLE = Automatic;
				DEVELOPMENT_TEAM = 268S5GJFWZ;
				INFOPLIST_FILE = ByteMeTests/Info.plist;
				LD_RUNPATH_SEARCH_PATHS = (
					"$(inherited)",
					"@executable_path/Frameworks",
					"@loader_path/Frameworks",
				);
				PRODUCT_BUNDLE_IDENTIFIER = com.intere.ByteMeTests;
				PRODUCT_NAME = "$(TARGET_NAME)";
				SWIFT_VERSION = 5.0;
				TARGETED_DEVICE_FAMILY = "1,2";
				TEST_HOST = "$(BUILT_PRODUCTS_DIR)/ByteMe.app/ByteMe";
			};
			name = Debug;
		};
		3693CA6122A7544400B6E74A /* Release */ = {
			isa = XCBuildConfiguration;
			baseConfigurationReference = AC22F2BE652F50FB86494649 /* Pods-ByteMeTests.release.xcconfig */;
			buildSettings = {
				ALWAYS_EMBED_SWIFT_STANDARD_LIBRARIES = YES;
				BUNDLE_LOADER = "$(TEST_HOST)";
				CODE_SIGN_STYLE = Automatic;
				DEVELOPMENT_TEAM = 268S5GJFWZ;
				INFOPLIST_FILE = ByteMeTests/Info.plist;
				LD_RUNPATH_SEARCH_PATHS = (
					"$(inherited)",
					"@executable_path/Frameworks",
					"@loader_path/Frameworks",
				);
				PRODUCT_BUNDLE_IDENTIFIER = com.intere.ByteMeTests;
				PRODUCT_NAME = "$(TARGET_NAME)";
				SWIFT_VERSION = 5.0;
				TARGETED_DEVICE_FAMILY = "1,2";
				TEST_HOST = "$(BUILT_PRODUCTS_DIR)/ByteMe.app/ByteMe";
			};
			name = Release;
		};
/* End XCBuildConfiguration section */

/* Begin XCConfigurationList section */
		3693CA3822A7544200B6E74A /* Build configuration list for PBXProject "ByteMe" */ = {
			isa = XCConfigurationList;
			buildConfigurations = (
				3693CA5A22A7544400B6E74A /* Debug */,
				3693CA5B22A7544400B6E74A /* Release */,
			);
			defaultConfigurationIsVisible = 0;
			defaultConfigurationName = Release;
		};
		3693CA5C22A7544400B6E74A /* Build configuration list for PBXNativeTarget "ByteMe" */ = {
			isa = XCConfigurationList;
			buildConfigurations = (
				3693CA5D22A7544400B6E74A /* Debug */,
				3693CA5E22A7544400B6E74A /* Release */,
			);
			defaultConfigurationIsVisible = 0;
			defaultConfigurationName = Release;
		};
		3693CA5F22A7544400B6E74A /* Build configuration list for PBXNativeTarget "ByteMeTests" */ = {
			isa = XCConfigurationList;
			buildConfigurations = (
				3693CA6022A7544400B6E74A /* Debug */,
				3693CA6122A7544400B6E74A /* Release */,
			);
			defaultConfigurationIsVisible = 0;
			defaultConfigurationName = Release;
		};
/* End XCConfigurationList section */
	};
	rootObject = 3693CA3522A7544200B6E74A /* Project object */;
}
